// !$*UTF8*$!
{
	archiveVersion = 1;
	classes = {
	};
	objectVersion = 46;
	objects = {

/* Begin PBXBuildFile section */
		2F75C73C19E8BC3F00C1BBFB /* main.m in Sources */ = {isa = PBXBuildFile; fileRef = 2F75C73B19E8BC3F00C1BBFB /* main.m */; };
		2F75C73F19E8BC3F00C1BBFB /* AppDelegate.m in Sources */ = {isa = PBXBuildFile; fileRef = 2F75C73E19E8BC3F00C1BBFB /* AppDelegate.m */; };
		2F75C74219E8BC3F00C1BBFB /* ViewController.m in Sources */ = {isa = PBXBuildFile; fileRef = 2F75C74119E8BC3F00C1BBFB /* ViewController.m */; };
		2F75C74519E8BC3F00C1BBFB /* Main.storyboard in Resources */ = {isa = PBXBuildFile; fileRef = 2F75C74319E8BC3F00C1BBFB /* Main.storyboard */; };
		2F75C74719E8BC3F00C1BBFB /* Images.xcassets in Resources */ = {isa = PBXBuildFile; fileRef = 2F75C74619E8BC3F00C1BBFB /* Images.xcassets */; };
		2F75C74A19E8BC3F00C1BBFB /* LaunchScreen.xib in Resources */ = {isa = PBXBuildFile; fileRef = 2F75C74819E8BC3F00C1BBFB /* LaunchScreen.xib */; };
		2F75C75619E8BC4000C1BBFB /* PipTests.m in Sources */ = {isa = PBXBuildFile; fileRef = 2F75C75519E8BC4000C1BBFB /* PipTests.m */; };
		2FE4B69019EBD1D400EE8ACF /* MyAVPlayerView.m in Sources */ = {isa = PBXBuildFile; fileRef = 2FE4B68F19EBD1D400EE8ACF /* MyAVPlayerView.m */; };
		2FEEB0FF19EC68E700EB8387 /* AVFoundation.framework in Frameworks */ = {isa = PBXBuildFile; fileRef = 2FEEB0FE19EC68E700EB8387 /* AVFoundation.framework */; };
		2FEEB10119EC68F300EB8387 /* CoreMedia.framework in Frameworks */ = {isa = PBXBuildFile; fileRef = 2FEEB10019EC68F300EB8387 /* CoreMedia.framework */; };
		2FEEB10319EC693E00EB8387 /* CoreGraphics.framework in Frameworks */ = {isa = PBXBuildFile; fileRef = 2FEEB10219EC693E00EB8387 /* CoreGraphics.framework */; };
		2FEEB10519EC694700EB8387 /* Foundation.framework in Frameworks */ = {isa = PBXBuildFile; fileRef = 2FEEB10419EC694700EB8387 /* Foundation.framework */; };
		2FEEB10719EC695600EB8387 /* MobileCoreServices.framework in Frameworks */ = {isa = PBXBuildFile; fileRef = 2FEEB10619EC695600EB8387 /* MobileCoreServices.framework */; };
		2FEEB10919EC697900EB8387 /* UIKit.framework in Frameworks */ = {isa = PBXBuildFile; fileRef = 2FEEB10819EC697900EB8387 /* UIKit.framework */; };
		2FEEB10B19EC698100EB8387 /* QuartzCore.framework in Frameworks */ = {isa = PBXBuildFile; fileRef = 2FEEB10A19EC698100EB8387 /* QuartzCore.framework */; };
		98B571611BFB2DE10068A511 /* IMG_0966.MOV in Resources */ = {isa = PBXBuildFile; fileRef = 2FEEB0ED19EC669800EB8387 /* IMG_0966.MOV */; };
		98B571631BFC762A0068A511 /* IMG_1473.m4v in Resources */ = {isa = PBXBuildFile; fileRef = 98B571621BFC762A0068A511 /* IMG_1473.m4v */; };
		98DA414C19F2565E0068A816 /* todo in Resources */ = {isa = PBXBuildFile; fileRef = 98DA414B19F2565E0068A816 /* todo */; };
		98DB98531BDDE01F00901EE6 /* IMG_1214.MOV in Resources */ = {isa = PBXBuildFile; fileRef = 2FEEB11019ECAE6400EB8387 /* IMG_1214.MOV */; };
		98DB98541BDDE02400901EE6 /* IMG_0974.MOV in Resources */ = {isa = PBXBuildFile; fileRef = 2FEEB11119ECAE6400EB8387 /* IMG_0974.MOV */; };
		98DB98551BDDE05200901EE6 /* P8240082.MOV in Resources */ = {isa = PBXBuildFile; fileRef = 2F9AF30D19EE52C100FF27D0 /* P8240082.MOV */; };
		98DB98561BDDE0E800901EE6 /* IMG_1155.MOV in Resources */ = {isa = PBXBuildFile; fileRef = 2F9AF30B19EE50C800FF27D0 /* IMG_1155.MOV */; };
/* End PBXBuildFile section */

/* Begin PBXContainerItemProxy section */
		2F75C75019E8BC4000C1BBFB /* PBXContainerItemProxy */ = {
			isa = PBXContainerItemProxy;
			containerPortal = 2F75C72E19E8BC3F00C1BBFB /* Project object */;
			proxyType = 1;
			remoteGlobalIDString = 2F75C73519E8BC3F00C1BBFB;
			remoteInfo = Pip;
		};
/* End PBXContainerItemProxy section */

/* Begin PBXFileReference section */
		2F75C73619E8BC3F00C1BBFB /* Pip.app */ = {isa = PBXFileReference; explicitFileType = wrapper.application; includeInIndex = 0; path = Pip.app; sourceTree = BUILT_PRODUCTS_DIR; };
		2F75C73A19E8BC3F00C1BBFB /* Info.plist */ = {isa = PBXFileReference; lastKnownFileType = text.plist.xml; path = Info.plist; sourceTree = "<group>"; };
		2F75C73B19E8BC3F00C1BBFB /* main.m */ = {isa = PBXFileReference; lastKnownFileType = sourcecode.c.objc; path = main.m; sourceTree = "<group>"; };
		2F75C73D19E8BC3F00C1BBFB /* AppDelegate.h */ = {isa = PBXFileReference; lastKnownFileType = sourcecode.c.h; path = AppDelegate.h; sourceTree = "<group>"; };
		2F75C73E19E8BC3F00C1BBFB /* AppDelegate.m */ = {isa = PBXFileReference; lastKnownFileType = sourcecode.c.objc; path = AppDelegate.m; sourceTree = "<group>"; };
		2F75C74019E8BC3F00C1BBFB /* ViewController.h */ = {isa = PBXFileReference; lastKnownFileType = sourcecode.c.h; path = ViewController.h; sourceTree = "<group>"; };
		2F75C74119E8BC3F00C1BBFB /* ViewController.m */ = {isa = PBXFileReference; lastKnownFileType = sourcecode.c.objc; path = ViewController.m; sourceTree = "<group>"; };
		2F75C74419E8BC3F00C1BBFB /* Base */ = {isa = PBXFileReference; lastKnownFileType = file.storyboard; name = Base; path = Base.lproj/Main.storyboard; sourceTree = "<group>"; };
		2F75C74619E8BC3F00C1BBFB /* Images.xcassets */ = {isa = PBXFileReference; lastKnownFileType = folder.assetcatalog; path = Images.xcassets; sourceTree = "<group>"; };
		2F75C74919E8BC3F00C1BBFB /* Base */ = {isa = PBXFileReference; lastKnownFileType = file.xib; name = Base; path = Base.lproj/LaunchScreen.xib; sourceTree = "<group>"; };
		2F75C74F19E8BC4000C1BBFB /* PipTests.xctest */ = {isa = PBXFileReference; explicitFileType = wrapper.cfbundle; includeInIndex = 0; path = PipTests.xctest; sourceTree = BUILT_PRODUCTS_DIR; };
		2F75C75419E8BC4000C1BBFB /* Info.plist */ = {isa = PBXFileReference; lastKnownFileType = text.plist.xml; path = Info.plist; sourceTree = "<group>"; };
		2F75C75519E8BC4000C1BBFB /* PipTests.m */ = {isa = PBXFileReference; lastKnownFileType = sourcecode.c.objc; path = PipTests.m; sourceTree = "<group>"; };
		2F9AF30B19EE50C800FF27D0 /* IMG_1155.MOV */ = {isa = PBXFileReference; lastKnownFileType = video.quicktime; path = IMG_1155.MOV; sourceTree = "<group>"; };
		2F9AF30D19EE52C100FF27D0 /* P8240082.MOV */ = {isa = PBXFileReference; lastKnownFileType = video.quicktime; path = P8240082.MOV; sourceTree = "<group>"; };
		2FE4B68E19EBD1D400EE8ACF /* MyAVPlayerView.h */ = {isa = PBXFileReference; fileEncoding = 4; lastKnownFileType = sourcecode.c.h; path = MyAVPlayerView.h; sourceTree = "<group>"; };
		2FE4B68F19EBD1D400EE8ACF /* MyAVPlayerView.m */ = {isa = PBXFileReference; fileEncoding = 4; lastKnownFileType = sourcecode.c.objc; path = MyAVPlayerView.m; sourceTree = "<group>"; };
		2FEEB0ED19EC669800EB8387 /* IMG_0966.MOV */ = {isa = PBXFileReference; lastKnownFileType = video.quicktime; path = IMG_0966.MOV; sourceTree = "<group>"; };
		2FEEB0FE19EC68E700EB8387 /* AVFoundation.framework */ = {isa = PBXFileReference; lastKnownFileType = wrapper.framework; name = AVFoundation.framework; path = System/Library/Frameworks/AVFoundation.framework; sourceTree = SDKROOT; };
		2FEEB10019EC68F300EB8387 /* CoreMedia.framework */ = {isa = PBXFileReference; lastKnownFileType = wrapper.framework; name = CoreMedia.framework; path = System/Library/Frameworks/CoreMedia.framework; sourceTree = SDKROOT; };
		2FEEB10219EC693E00EB8387 /* CoreGraphics.framework */ = {isa = PBXFileReference; lastKnownFileType = wrapper.framework; name = CoreGraphics.framework; path = System/Library/Frameworks/CoreGraphics.framework; sourceTree = SDKROOT; };
		2FEEB10419EC694700EB8387 /* Foundation.framework */ = {isa = PBXFileReference; lastKnownFileType = wrapper.framework; name = Foundation.framework; path = System/Library/Frameworks/Foundation.framework; sourceTree = SDKROOT; };
		2FEEB10619EC695600EB8387 /* MobileCoreServices.framework */ = {isa = PBXFileReference; lastKnownFileType = wrapper.framework; name = MobileCoreServices.framework; path = System/Library/Frameworks/MobileCoreServices.framework; sourceTree = SDKROOT; };
		2FEEB10819EC697900EB8387 /* UIKit.framework */ = {isa = PBXFileReference; lastKnownFileType = wrapper.framework; name = UIKit.framework; path = System/Library/Frameworks/UIKit.framework; sourceTree = SDKROOT; };
		2FEEB10A19EC698100EB8387 /* QuartzCore.framework */ = {isa = PBXFileReference; lastKnownFileType = wrapper.framework; name = QuartzCore.framework; path = System/Library/Frameworks/QuartzCore.framework; sourceTree = SDKROOT; };
		2FEEB11019ECAE6400EB8387 /* IMG_1214.MOV */ = {isa = PBXFileReference; lastKnownFileType = video.quicktime; path = IMG_1214.MOV; sourceTree = "<group>"; };
		2FEEB11119ECAE6400EB8387 /* IMG_0974.MOV */ = {isa = PBXFileReference; lastKnownFileType = video.quicktime; path = IMG_0974.MOV; sourceTree = "<group>"; };
		98B571621BFC762A0068A511 /* IMG_1473.m4v */ = {isa = PBXFileReference; lastKnownFileType = file; path = IMG_1473.m4v; sourceTree = "<group>"; };
		98DA414B19F2565E0068A816 /* todo */ = {isa = PBXFileReference; fileEncoding = 4; lastKnownFileType = text; path = todo; sourceTree = "<group>"; };
/* End PBXFileReference section */

/* Begin PBXFrameworksBuildPhase section */
		2F75C73319E8BC3F00C1BBFB /* Frameworks */ = {
			isa = PBXFrameworksBuildPhase;
			buildActionMask = 2147483647;
			files = (
				2FEEB10B19EC698100EB8387 /* QuartzCore.framework in Frameworks */,
				2FEEB10919EC697900EB8387 /* UIKit.framework in Frameworks */,
				2FEEB10719EC695600EB8387 /* MobileCoreServices.framework in Frameworks */,
				2FEEB10519EC694700EB8387 /* Foundation.framework in Frameworks */,
				2FEEB10319EC693E00EB8387 /* CoreGraphics.framework in Frameworks */,
				2FEEB10119EC68F300EB8387 /* CoreMedia.framework in Frameworks */,
				2FEEB0FF19EC68E700EB8387 /* AVFoundation.framework in Frameworks */,
			);
			runOnlyForDeploymentPostprocessing = 0;
		};
		2F75C74C19E8BC4000C1BBFB /* Frameworks */ = {
			isa = PBXFrameworksBuildPhase;
			buildActionMask = 2147483647;
			files = (
			);
			runOnlyForDeploymentPostprocessing = 0;
		};
/* End PBXFrameworksBuildPhase section */

/* Begin PBXGroup section */
		2F75C72D19E8BC3F00C1BBFB = {
			isa = PBXGroup;
			children = (
				2F75C73819E8BC3F00C1BBFB /* Pip */,
				2F75C75219E8BC4000C1BBFB /* PipTests */,
				2F75C73719E8BC3F00C1BBFB /* Products */,
				2FEEB11419ECAED700EB8387 /* Frameworks */,
			);
			sourceTree = "<group>";
		};
		2F75C73719E8BC3F00C1BBFB /* Products */ = {
			isa = PBXGroup;
			children = (
				2F75C73619E8BC3F00C1BBFB /* Pip.app */,
				2F75C74F19E8BC4000C1BBFB /* PipTests.xctest */,
			);
			name = Products;
			sourceTree = "<group>";
		};
		2F75C73819E8BC3F00C1BBFB /* Pip */ = {
			isa = PBXGroup;
			children = (
				2F75C73D19E8BC3F00C1BBFB /* AppDelegate.h */,
				2F75C73E19E8BC3F00C1BBFB /* AppDelegate.m */,
				2F75C74019E8BC3F00C1BBFB /* ViewController.h */,
				2F75C74119E8BC3F00C1BBFB /* ViewController.m */,
				98DA414B19F2565E0068A816 /* todo */,
				2FE4B68E19EBD1D400EE8ACF /* MyAVPlayerView.h */,
				2FE4B68F19EBD1D400EE8ACF /* MyAVPlayerView.m */,
				2F75C74319E8BC3F00C1BBFB /* Main.storyboard */,
				2F75C74619E8BC3F00C1BBFB /* Images.xcassets */,
				2F75C74819E8BC3F00C1BBFB /* LaunchScreen.xib */,
				2F75C73919E8BC3F00C1BBFB /* Supporting Files */,
			);
			path = Pip;
			sourceTree = "<group>";
		};
		2F75C73919E8BC3F00C1BBFB /* Supporting Files */ = {
			isa = PBXGroup;
			children = (
				98B571621BFC762A0068A511 /* IMG_1473.m4v */,
				2FEEB0ED19EC669800EB8387 /* IMG_0966.MOV */,
				2FEEB11019ECAE6400EB8387 /* IMG_1214.MOV */,
				2FEEB11119ECAE6400EB8387 /* IMG_0974.MOV */,
				2F9AF30B19EE50C800FF27D0 /* IMG_1155.MOV */,
				2F9AF30D19EE52C100FF27D0 /* P8240082.MOV */,
				2F75C73A19E8BC3F00C1BBFB /* Info.plist */,
				2F75C73B19E8BC3F00C1BBFB /* main.m */,
			);
			name = "Supporting Files";
			sourceTree = "<group>";
		};
		2F75C75219E8BC4000C1BBFB /* PipTests */ = {
			isa = PBXGroup;
			children = (
				2F75C75519E8BC4000C1BBFB /* PipTests.m */,
				2F75C75319E8BC4000C1BBFB /* Supporting Files */,
			);
			path = PipTests;
			sourceTree = "<group>";
		};
		2F75C75319E8BC4000C1BBFB /* Supporting Files */ = {
			isa = PBXGroup;
			children = (
				2F75C75419E8BC4000C1BBFB /* Info.plist */,
			);
			name = "Supporting Files";
			sourceTree = "<group>";
		};
		2FEEB11419ECAED700EB8387 /* Frameworks */ = {
			isa = PBXGroup;
			children = (
				2FEEB10A19EC698100EB8387 /* QuartzCore.framework */,
				2FEEB10819EC697900EB8387 /* UIKit.framework */,
				2FEEB10619EC695600EB8387 /* MobileCoreServices.framework */,
				2FEEB10419EC694700EB8387 /* Foundation.framework */,
				2FEEB10219EC693E00EB8387 /* CoreGraphics.framework */,
				2FEEB10019EC68F300EB8387 /* CoreMedia.framework */,
				2FEEB0FE19EC68E700EB8387 /* AVFoundation.framework */,
			);
			name = Frameworks;
			sourceTree = "<group>";
		};
/* End PBXGroup section */

/* Begin PBXNativeTarget section */
		2F75C73519E8BC3F00C1BBFB /* Pip */ = {
			isa = PBXNativeTarget;
			buildConfigurationList = 2F75C75919E8BC4000C1BBFB /* Build configuration list for PBXNativeTarget "Pip" */;
			buildPhases = (
				2F75C73219E8BC3F00C1BBFB /* Sources */,
				2F75C73319E8BC3F00C1BBFB /* Frameworks */,
				2F75C73419E8BC3F00C1BBFB /* Resources */,
			);
			buildRules = (
			);
			dependencies = (
			);
			name = Pip;
			productName = Pip;
			productReference = 2F75C73619E8BC3F00C1BBFB /* Pip.app */;
			productType = "com.apple.product-type.application";
		};
		2F75C74E19E8BC4000C1BBFB /* PipTests */ = {
			isa = PBXNativeTarget;
			buildConfigurationList = 2F75C75C19E8BC4000C1BBFB /* Build configuration list for PBXNativeTarget "PipTests" */;
			buildPhases = (
				2F75C74B19E8BC4000C1BBFB /* Sources */,
				2F75C74C19E8BC4000C1BBFB /* Frameworks */,
				2F75C74D19E8BC4000C1BBFB /* Resources */,
			);
			buildRules = (
			);
			dependencies = (
				2F75C75119E8BC4000C1BBFB /* PBXTargetDependency */,
			);
			name = PipTests;
			productName = PipTests;
			productReference = 2F75C74F19E8BC4000C1BBFB /* PipTests.xctest */;
			productType = "com.apple.product-type.bundle.unit-test";
		};
/* End PBXNativeTarget section */

/* Begin PBXProject section */
		2F75C72E19E8BC3F00C1BBFB /* Project object */ = {
			isa = PBXProject;
			attributes = {
				LastUpgradeCheck = 0610;
				ORGANIZATIONNAME = BitsOnTheGo;
				TargetAttributes = {
					2F75C73519E8BC3F00C1BBFB = {
						CreatedOnToolsVersion = 6.1;
						DevelopmentTeam = FG8NNNY6FP;
					};
					2F75C74E19E8BC4000C1BBFB = {
						CreatedOnToolsVersion = 6.1;
						TestTargetID = 2F75C73519E8BC3F00C1BBFB;
					};
				};
			};
			buildConfigurationList = 2F75C73119E8BC3F00C1BBFB /* Build configuration list for PBXProject "Pip" */;
			compatibilityVersion = "Xcode 3.2";
			developmentRegion = English;
			hasScannedForEncodings = 0;
			knownRegions = (
				en,
				Base,
			);
			mainGroup = 2F75C72D19E8BC3F00C1BBFB;
			productRefGroup = 2F75C73719E8BC3F00C1BBFB /* Products */;
			projectDirPath = "";
			projectRoot = "";
			targets = (
				2F75C73519E8BC3F00C1BBFB /* Pip */,
				2F75C74E19E8BC4000C1BBFB /* PipTests */,
			);
		};
/* End PBXProject section */

/* Begin PBXResourcesBuildPhase section */
		2F75C73419E8BC3F00C1BBFB /* Resources */ = {
			isa = PBXResourcesBuildPhase;
			buildActionMask = 2147483647;
			files = (
				98B571631BFC762A0068A511 /* IMG_1473.m4v in Resources */,
				98DA414C19F2565E0068A816 /* todo in Resources */,
				2F75C74519E8BC3F00C1BBFB /* Main.storyboard in Resources */,
				98DB98541BDDE02400901EE6 /* IMG_0974.MOV in Resources */,
				2F75C74A19E8BC3F00C1BBFB /* LaunchScreen.xib in Resources */,
				98DB98561BDDE0E800901EE6 /* IMG_1155.MOV in Resources */,
				98DB98531BDDE01F00901EE6 /* IMG_1214.MOV in Resources */,
				98DB98551BDDE05200901EE6 /* P8240082.MOV in Resources */,
				2F75C74719E8BC3F00C1BBFB /* Images.xcassets in Resources */,
				98B571611BFB2DE10068A511 /* IMG_0966.MOV in Resources */,
			);
			runOnlyForDeploymentPostprocessing = 0;
		};
		2F75C74D19E8BC4000C1BBFB /* Resources */ = {
			isa = PBXResourcesBuildPhase;
			buildActionMask = 2147483647;
			files = (
			);
			runOnlyForDeploymentPostprocessing = 0;
		};
/* End PBXResourcesBuildPhase section */

/* Begin PBXSourcesBuildPhase section */
		2F75C73219E8BC3F00C1BBFB /* Sources */ = {
			isa = PBXSourcesBuildPhase;
			buildActionMask = 2147483647;
			files = (
				2FE4B69019EBD1D400EE8ACF /* MyAVPlayerView.m in Sources */,
				2F75C74219E8BC3F00C1BBFB /* ViewController.m in Sources */,
				2F75C73F19E8BC3F00C1BBFB /* AppDelegate.m in Sources */,
				2F75C73C19E8BC3F00C1BBFB /* main.m in Sources */,
			);
			runOnlyForDeploymentPostprocessing = 0;
		};
		2F75C74B19E8BC4000C1BBFB /* Sources */ = {
			isa = PBXSourcesBuildPhase;
			buildActionMask = 2147483647;
			files = (
				2F75C75619E8BC4000C1BBFB /* PipTests.m in Sources */,
			);
			runOnlyForDeploymentPostprocessing = 0;
		};
/* End PBXSourcesBuildPhase section */

/* Begin PBXTargetDependency section */
		2F75C75119E8BC4000C1BBFB /* PBXTargetDependency */ = {
			isa = PBXTargetDependency;
			target = 2F75C73519E8BC3F00C1BBFB /* Pip */;
			targetProxy = 2F75C75019E8BC4000C1BBFB /* PBXContainerItemProxy */;
		};
/* End PBXTargetDependency section */

/* Begin PBXVariantGroup section */
		2F75C74319E8BC3F00C1BBFB /* Main.storyboard */ = {
			isa = PBXVariantGroup;
			children = (
				2F75C74419E8BC3F00C1BBFB /* Base */,
			);
			name = Main.storyboard;
			sourceTree = "<group>";
		};
		2F75C74819E8BC3F00C1BBFB /* LaunchScreen.xib */ = {
			isa = PBXVariantGroup;
			children = (
				2F75C74919E8BC3F00C1BBFB /* Base */,
			);
			name = LaunchScreen.xib;
			sourceTree = "<group>";
		};
/* End PBXVariantGroup section */

/* Begin XCBuildConfiguration section */
		2F75C75719E8BC4000C1BBFB /* Debug */ = {
			isa = XCBuildConfiguration;
			buildSettings = {
				ALWAYS_SEARCH_USER_PATHS = NO;
				CLANG_CXX_LANGUAGE_STANDARD = "gnu++0x";
				CLANG_CXX_LIBRARY = "libc++";
				CLANG_ENABLE_MODULES = YES;
				CLANG_ENABLE_OBJC_ARC = YES;
				CLANG_WARN_BOOL_CONVERSION = YES;
				CLANG_WARN_CONSTANT_CONVERSION = YES;
				CLANG_WARN_DIRECT_OBJC_ISA_USAGE = YES_ERROR;
				CLANG_WARN_EMPTY_BODY = YES;
				CLANG_WARN_ENUM_CONVERSION = YES;
				CLANG_WARN_INT_CONVERSION = YES;
				CLANG_WARN_OBJC_ROOT_CLASS = YES_ERROR;
				CLANG_WARN_UNREACHABLE_CODE = YES;
				CLANG_WARN__DUPLICATE_METHOD_MATCH = YES;
				"CODE_SIGN_IDENTITY[sdk=iphoneos*]" = "iPhone Developer";
				COPY_PHASE_STRIP = NO;
				ENABLE_STRICT_OBJC_MSGSEND = YES;
				GCC_C_LANGUAGE_STANDARD = gnu99;
				GCC_DYNAMIC_NO_PIC = NO;
				GCC_OPTIMIZATION_LEVEL = 0;
				GCC_PREPROCESSOR_DEFINITIONS = (
					"DEBUG=1",
					"$(inherited)",
				);
				GCC_SYMBOLS_PRIVATE_EXTERN = NO;
				GCC_WARN_64_TO_32_BIT_CONVERSION = YES;
				GCC_WARN_ABOUT_RETURN_TYPE = YES_ERROR;
				GCC_WARN_UNDECLARED_SELECTOR = YES;
				GCC_WARN_UNINITIALIZED_AUTOS = YES_AGGRESSIVE;
				GCC_WARN_UNUSED_FUNCTION = YES;
				GCC_WARN_UNUSED_VARIABLE = YES;
				IPHONEOS_DEPLOYMENT_TARGET = 8.1;
				MTL_ENABLE_DEBUG_INFO = YES;
				ONLY_ACTIVE_ARCH = YES;
				SDKROOT = iphoneos;
				TARGETED_DEVICE_FAMILY = "1,2";
			};
			name = Debug;
		};
		2F75C75819E8BC4000C1BBFB /* Release */ = {
			isa = XCBuildConfiguration;
			buildSettings = {
				ALWAYS_SEARCH_USER_PATHS = NO;
				CLANG_CXX_LANGUAGE_STANDARD = "gnu++0x";
				CLANG_CXX_LIBRARY = "libc++";
				CLANG_ENABLE_MODULES = YES;
				CLANG_ENABLE_OBJC_ARC = YES;
				CLANG_WARN_BOOL_CONVERSION = YES;
				CLANG_WARN_CONSTANT_CONVERSION = YES;
				CLANG_WARN_DIRECT_OBJC_ISA_USAGE = YES_ERROR;
				CLANG_WARN_EMPTY_BODY = YES;
				CLANG_WARN_ENUM_CONVERSION = YES;
				CLANG_WARN_INT_CONVERSION = YES;
				CLANG_WARN_OBJC_ROOT_CLASS = YES_ERROR;
				CLANG_WARN_UNREACHABLE_CODE = YES;
				CLANG_WARN__DUPLICATE_METHOD_MATCH = YES;
				"CODE_SIGN_IDENTITY[sdk=iphoneos*]" = "iPhone Distribution";
				COPY_PHASE_STRIP = YES;
				ENABLE_NS_ASSERTIONS = NO;
				ENABLE_STRICT_OBJC_MSGSEND = YES;
				GCC_C_LANGUAGE_STANDARD = gnu99;
				GCC_WARN_64_TO_32_BIT_CONVERSION = YES;
				GCC_WARN_ABOUT_RETURN_TYPE = YES_ERROR;
				GCC_WARN_UNDECLARED_SELECTOR = YES;
				GCC_WARN_UNINITIALIZED_AUTOS = YES_AGGRESSIVE;
				GCC_WARN_UNUSED_FUNCTION = YES;
				GCC_WARN_UNUSED_VARIABLE = YES;
				IPHONEOS_DEPLOYMENT_TARGET = 8.1;
				MTL_ENABLE_DEBUG_INFO = NO;
				SDKROOT = iphoneos;
				TARGETED_DEVICE_FAMILY = "1,2";
				VALIDATE_PRODUCT = YES;
			};
			name = Release;
		};
		2F75C75A19E8BC4000C1BBFB /* Debug */ = {
			isa = XCBuildConfiguration;
			buildSettings = {
				ASSETCATALOG_COMPILER_APPICON_NAME = AppIcon;
				CODE_SIGN_IDENTITY = "iPhone Developer";
				INFOPLIST_FILE = Pip/Info.plist;
				IPHONEOS_DEPLOYMENT_TARGET = 7.0;
				LD_RUNPATH_SEARCH_PATHS = "$(inherited) @executable_path/Frameworks";
				PRODUCT_NAME = "$(TARGET_NAME)";
				TARGETED_DEVICE_FAMILY = "1,2";
			};
			name = Debug;
		};
		2F75C75B19E8BC4000C1BBFB /* Release */ = {
			isa = XCBuildConfiguration;
			buildSettings = {
				ASSETCATALOG_COMPILER_APPICON_NAME = AppIcon;
				CODE_SIGN_IDENTITY = "iPhone Developer";
				INFOPLIST_FILE = Pip/Info.plist;
				IPHONEOS_DEPLOYMENT_TARGET = 7.0;
				LD_RUNPATH_SEARCH_PATHS = "$(inherited) @executable_path/Frameworks";
				PRODUCT_NAME = "$(TARGET_NAME)";
				TARGETED_DEVICE_FAMILY = "1,2";
			};
			name = Release;
		};
		2F75C75D19E8BC4000C1BBFB /* Debug */ = {
			isa = XCBuildConfiguration;
			buildSettings = {
				BUNDLE_LOADER = "$(TEST_HOST)";
				FRAMEWORK_SEARCH_PATHS = (
					"$(SDKROOT)/Developer/Library/Frameworks",
					"$(inherited)",
				);
				GCC_PREPROCESSOR_DEFINITIONS = (
					"DEBUG=1",
					"$(inherited)",
				);
				INFOPLIST_FILE = PipTests/Info.plist;
				LD_RUNPATH_SEARCH_PATHS = "$(inherited) @executable_path/Frameworks @loader_path/Frameworks";
				PRODUCT_NAME = "$(TARGET_NAME)";
				TEST_HOST = "$(BUILT_PRODUCTS_DIR)/Pip.app/Pip";
			};
			name = Debug;
		};
		2F75C75E19E8BC4000C1BBFB /* Release */ = {
			isa = XCBuildConfiguration;
			buildSettings = {
				BUNDLE_LOADER = "$(TEST_HOST)";
				FRAMEWORK_SEARCH_PATHS = (
					"$(SDKROOT)/Developer/Library/Frameworks",
					"$(inherited)",
				);
				INFOPLIST_FILE = PipTests/Info.plist;
				LD_RUNPATH_SEARCH_PATHS = "$(inherited) @executable_path/Frameworks @loader_path/Frameworks";
				PRODUCT_NAME = "$(TARGET_NAME)";
				TEST_HOST = "$(BUILT_PRODUCTS_DIR)/Pip.app/Pip";
			};
			name = Release;
		};
/* End XCBuildConfiguration section */

/* Begin XCConfigurationList section */
		2F75C73119E8BC3F00C1BBFB /* Build configuration list for PBXProject "Pip" */ = {
			isa = XCConfigurationList;
			buildConfigurations = (
				2F75C75719E8BC4000C1BBFB /* Debug */,
				2F75C75819E8BC4000C1BBFB /* Release */,
			);
			defaultConfigurationIsVisible = 0;
			defaultConfigurationName = Release;
		};
		2F75C75919E8BC4000C1BBFB /* Build configuration list for PBXNativeTarget "Pip" */ = {
			isa = XCConfigurationList;
			buildConfigurations = (
				2F75C75A19E8BC4000C1BBFB /* Debug */,
				2F75C75B19E8BC4000C1BBFB /* Release */,
			);
			defaultConfigurationIsVisible = 0;
			defaultConfigurationName = Release;
		};
		2F75C75C19E8BC4000C1BBFB /* Build configuration list for PBXNativeTarget "PipTests" */ = {
			isa = XCConfigurationList;
			buildConfigurations = (
				2F75C75D19E8BC4000C1BBFB /* Debug */,
				2F75C75E19E8BC4000C1BBFB /* Release */,
			);
			defaultConfigurationIsVisible = 0;
			defaultConfigurationName = Release;
		};
/* End XCConfigurationList section */
	};
	rootObject = 2F75C72E19E8BC3F00C1BBFB /* Project object */;
}
